
Microsoft Visual Studio Solution File, Format Version 12.00
# Visual Studio 15
VisualStudioVersion = 15.0.27428.2015
MinimumVisualStudioVersion = 10.0.40219.1
Project("{9A19103F-16F7-4668-BE54-9A1E7A4F7556}") = "Producer_Client", "Producer_Client\Producer_Client.csproj", "{2BE67C34-D409-44B7-9DF9-097CBD468C91}"
EndProject
Project("{9A19103F-16F7-4668-BE54-9A1E7A4F7556}") = "Consumer_Client", "Consumer_Client\Consumer_Client.csproj", "{6FE35D5C-E1E7-40A5-8991-13501178041B}"
EndProject
Global
	GlobalSection(SolutionConfigurationPlatforms) = preSolution
		Debug|Any CPU = Debug|Any CPU
		Release|Any CPU = Release|Any CPU
	EndGlobalSection
	GlobalSection(ProjectConfigurationPlatforms) = postSolution
		{2BE67C34-D409-44B7-9DF9-097CBD468C91}.Debug|Any CPU.ActiveCfg = Debug|Any CPU
		{2BE67C34-D409-44B7-9DF9-097CBD468C91}.Debug|Any CPU.Build.0 = Debug|Any CPU
		{2BE67C34-D409-44B7-9DF9-097CBD468C91}.Release|Any CPU.ActiveCfg = Release|Any CPU
		{2BE67C34-D409-44B7-9DF9-097CBD468C91}.Release|Any CPU.Build.0 = Release|Any CPU
		{6FE35D5C-E1E7-40A5-8991-13501178041B}.Debug|Any CPU.ActiveCfg = Debug|Any CPU
		{6FE35D5C-E1E7-40A5-8991-13501178041B}.Debug|Any CPU.Build.0 = Debug|Any CPU
		{6FE35D5C-E1E7-40A5-8991-13501178041B}.Release|Any CPU.ActiveCfg = Release|Any CPU
		{6FE35D5C-E1E7-40A5-8991-13501178041B}.Release|Any CPU.Build.0 = Release|Any CPU
	EndGlobalSection
	GlobalSection(SolutionProperties) = preSolution
		HideSolutionNode = FALSE
	EndGlobalSection
	GlobalSection(ExtensibilityGlobals) = postSolution
		SolutionGuid = {80C35F20-A0EE-4F0B-B54B-722F2A3C8A70}
	EndGlobalSection
EndGlobal
